# This file was autogenerated by Stack.
# You should not edit this file by hand.
# For more information, please see the documentation at:
#   https://docs.haskellstack.org/en/stable/lock_files

packages:
- completed:
    hackage: filepath-1.4.300.1@sha256:d9e181e1acae0ac505d8b217dec3805c68554878f1e32b3d8351b9ce17061623,5900
    pantry-tree:
      sha256: c84b787da2ee47ab8e50cfe37c6419ff9bb97ae69d92991178a7dc052c452b58
      size: 3998
  original:
    hackage: filepath-1.4.300.1@sha256:d9e181e1acae0ac505d8b217dec3805c68554878f1e32b3d8351b9ce17061623,5900
- completed:
    hackage: friday-0.2.3.2@sha256:22034a2e323b2b002e27db63d8073cbf4210f26499bc3a03fec742ae1313ee6c,4866
    pantry-tree:
      sha256: e8586f96e304d7f7037065c8092346f34a7164b6f4de2fe0c9259ddd1c117b7e
      size: 2440
  original:
    hackage: friday-0.2.3.2@sha256:22034a2e323b2b002e27db63d8073cbf4210f26499bc3a03fec742ae1313ee6c,4866
snapshots:
- completed:
    sha256: 08bd13ce621b41a8f5e51456b38d5b46d7783ce114a50ab604d6bbab0d002146
    size: 720271
    url: https://raw.githubusercontent.com/commercialhaskell/stackage-snapshots/master/lts/22/43.yaml
  original:
    url: https://raw.githubusercontent.com/commercialhaskell/stackage-snapshots/master/lts/22/43.yaml
